
Microsoft Visual Studio Solution File, Format Version 12.00
# Visual Studio Version 16
VisualStudioVersion = 16.0.30011.22
MinimumVisualStudioVersion = 10.0.40219.1
Project("{9A19103F-16F7-4668-BE54-9A1E7A4F7556}") = "TenisWebsite.Api", "TenisWebsite.App\TenisWebsite.Api.csproj", "{3F4C7382-D908-4C0F-A992-BA26A46F37EB}"
EndProject
Project("{9A19103F-16F7-4668-BE54-9A1E7A4F7556}") = "TenisWebsite.Common", "TenisWebsite.Common\TenisWebsite.Common.csproj", "{08E94505-0202-46C3-9FDD-F866BF3F520C}"
EndProject
Project("{9A19103F-16F7-4668-BE54-9A1E7A4F7556}") = "TenisWebsite.Domain", "TenisWebsite.Domain\TenisWebsite.Domain.csproj", "{D2F9AE31-B0E7-47F8-999B-6AE6D7F2B85F}"
EndProject
Project("{9A19103F-16F7-4668-BE54-9A1E7A4F7556}") = "TenisWebsite.IData", "TenisWebsite.IData\TenisWebsite.IData.csproj", "{435CD528-6FB6-4547-B7D9-59AC4BDE5EE7}"
EndProject
Project("{9A19103F-16F7-4668-BE54-9A1E7A4F7556}") = "TenisWebsite.IServices", "TenisWebsite.IServices\TenisWebsite.IServices.csproj", "{1A171314-AEA3-4EDC-ACC8-EC0B0B7B8179}"
EndProject
Project("{9A19103F-16F7-4668-BE54-9A1E7A4F7556}") = "TenisWebsite.Services", "TenisWebsite.Services\TenisWebsite.Services.csproj", "{15F10FC7-4168-447B-A997-5AEA83089BAC}"
EndProject
Project("{9A19103F-16F7-4668-BE54-9A1E7A4F7556}") = "TenisWebsite.Data.Sql", "TenisWebsite.Data.Sql\TenisWebsite.Data.Sql.csproj", "{E1DCBD54-9150-4B42-B4A0-700B0C815117}"
EndProject
Project("{FAE04EC0-301F-11D3-BF4B-00C04F79EFBC}") = "TenisWebsite.Data.Identity", "TenisWebsite.Data.Identity\TenisWebsite.Data.Identity.csproj", "{47BA79D0-B309-40CC-9AAF-367735EA5E7D}"
EndProject
Global
	GlobalSection(SolutionConfigurationPlatforms) = preSolution
		Debug|Any CPU = Debug|Any CPU
		Release|Any CPU = Release|Any CPU
	EndGlobalSection
	GlobalSection(ProjectConfigurationPlatforms) = postSolution
		{3F4C7382-D908-4C0F-A992-BA26A46F37EB}.Debug|Any CPU.ActiveCfg = Debug|Any CPU
		{3F4C7382-D908-4C0F-A992-BA26A46F37EB}.Debug|Any CPU.Build.0 = Debug|Any CPU
		{3F4C7382-D908-4C0F-A992-BA26A46F37EB}.Release|Any CPU.ActiveCfg = Release|Any CPU
		{3F4C7382-D908-4C0F-A992-BA26A46F37EB}.Release|Any CPU.Build.0 = Release|Any CPU
		{08E94505-0202-46C3-9FDD-F866BF3F520C}.Debug|Any CPU.ActiveCfg = Debug|Any CPU
		{08E94505-0202-46C3-9FDD-F866BF3F520C}.Debug|Any CPU.Build.0 = Debug|Any CPU
		{08E94505-0202-46C3-9FDD-F866BF3F520C}.Release|Any CPU.ActiveCfg = Release|Any CPU
		{08E94505-0202-46C3-9FDD-F866BF3F520C}.Release|Any CPU.Build.0 = Release|Any CPU
		{D2F9AE31-B0E7-47F8-999B-6AE6D7F2B85F}.Debug|Any CPU.ActiveCfg = Debug|Any CPU
		{D2F9AE31-B0E7-47F8-999B-6AE6D7F2B85F}.Debug|Any CPU.Build.0 = Debug|Any CPU
		{D2F9AE31-B0E7-47F8-999B-6AE6D7F2B85F}.Release|Any CPU.ActiveCfg = Release|Any CPU
		{D2F9AE31-B0E7-47F8-999B-6AE6D7F2B85F}.Release|Any CPU.Build.0 = Release|Any CPU
		{435CD528-6FB6-4547-B7D9-59AC4BDE5EE7}.Debug|Any CPU.ActiveCfg = Debug|Any CPU
		{435CD528-6FB6-4547-B7D9-59AC4BDE5EE7}.Debug|Any CPU.Build.0 = Debug|Any CPU
		{435CD528-6FB6-4547-B7D9-59AC4BDE5EE7}.Release|Any CPU.ActiveCfg = Release|Any CPU
		{435CD528-6FB6-4547-B7D9-59AC4BDE5EE7}.Release|Any CPU.Build.0 = Release|Any CPU
		{1A171314-AEA3-4EDC-ACC8-EC0B0B7B8179}.Debug|Any CPU.ActiveCfg = Debug|Any CPU
		{1A171314-AEA3-4EDC-ACC8-EC0B0B7B8179}.Debug|Any CPU.Build.0 = Debug|Any CPU
		{1A171314-AEA3-4EDC-ACC8-EC0B0B7B8179}.Release|Any CPU.ActiveCfg = Release|Any CPU
		{1A171314-AEA3-4EDC-ACC8-EC0B0B7B8179}.Release|Any CPU.Build.0 = Release|Any CPU
		{15F10FC7-4168-447B-A997-5AEA83089BAC}.Debug|Any CPU.ActiveCfg = Debug|Any CPU
		{15F10FC7-4168-447B-A997-5AEA83089BAC}.Debug|Any CPU.Build.0 = Debug|Any CPU
		{15F10FC7-4168-447B-A997-5AEA83089BAC}.Release|Any CPU.ActiveCfg = Release|Any CPU
		{15F10FC7-4168-447B-A997-5AEA83089BAC}.Release|Any CPU.Build.0 = Release|Any CPU
		{E1DCBD54-9150-4B42-B4A0-700B0C815117}.Debug|Any CPU.ActiveCfg = Debug|Any CPU
		{E1DCBD54-9150-4B42-B4A0-700B0C815117}.Debug|Any CPU.Build.0 = Debug|Any CPU
		{E1DCBD54-9150-4B42-B4A0-700B0C815117}.Release|Any CPU.ActiveCfg = Release|Any CPU
		{E1DCBD54-9150-4B42-B4A0-700B0C815117}.Release|Any CPU.Build.0 = Release|Any CPU
		{47BA79D0-B309-40CC-9AAF-367735EA5E7D}.Debug|Any CPU.ActiveCfg = Debug|Any CPU
		{47BA79D0-B309-40CC-9AAF-367735EA5E7D}.Debug|Any CPU.Build.0 = Debug|Any CPU
		{47BA79D0-B309-40CC-9AAF-367735EA5E7D}.Release|Any CPU.ActiveCfg = Release|Any CPU
		{47BA79D0-B309-40CC-9AAF-367735EA5E7D}.Release|Any CPU.Build.0 = Release|Any CPU
	EndGlobalSection
	GlobalSection(SolutionProperties) = preSolution
		HideSolutionNode = FALSE
	EndGlobalSection
	GlobalSection(ExtensibilityGlobals) = postSolution
		SolutionGuid = {76946F43-C67C-4B6A-ADDB-5D965844FE46}
	EndGlobalSection
EndGlobal
